
Microsoft Visual Studio Solution File, Format Version 12.00
# Visual Studio Version 16
VisualStudioVersion = 16.0.29424.173
MinimumVisualStudioVersion = 15.0.26124.0
Project("{9A19103F-16F7-4668-BE54-9A1E7A4F7556}") = "Arrays", "Arrays\Arrays.csproj", "{0A5524E3-B58A-4632-ADD0-FD56AA61E472}"
EndProject
Project("{9A19103F-16F7-4668-BE54-9A1E7A4F7556}") = "FirstNonRepeatedCharacter", "FirstNonRepeatedCharacter\FirstNonRepeatedCharacter.csproj", "{21ED2399-3210-4C14-B559-D7B8183FBDF7}"
EndProject
Project("{9A19103F-16F7-4668-BE54-9A1E7A4F7556}") = "FirstRepeatedCharacter", "FirstRepeatedCharacter\FirstRepeatedCharacter.csproj", "{E074E855-7DBA-4EDF-9DC5-AA5076C8D6C7}"
EndProject
Project("{9A19103F-16F7-4668-BE54-9A1E7A4F7556}") = "RansomNote", "RansomNote\RansomNote.csproj", "{D51ECAE2-8F3D-4D7C-9C14-BB9878F1D998}"
EndProject
Project("{9A19103F-16F7-4668-BE54-9A1E7A4F7556}") = "HashTable", "HashTable\HashTable.csproj", "{F38C8EC7-AF89-4590-A78A-8DAEC28D4412}"
EndProject
Project("{9A19103F-16F7-4668-BE54-9A1E7A4F7556}") = "SpiralArray", "SpiralArray\SpiralArray.csproj", "{E5FC1A65-F722-4EB6-AA0B-35E370330107}"
EndProject
Project("{9A19103F-16F7-4668-BE54-9A1E7A4F7556}") = "MyTree", "MyTree\MyTree.csproj", "{88797BF0-AAA0-428D-BAE9-E9033DC53338}"
EndProject
Project("{9A19103F-16F7-4668-BE54-9A1E7A4F7556}") = "MyLinkedList", "MyLinkedList\MyLinkedList.csproj", "{1D740350-0E46-4D8B-AE9A-8977E60DCD29}"
EndProject
Project("{9A19103F-16F7-4668-BE54-9A1E7A4F7556}") = "BalancedExpression", "BalancedExpression\BalancedExpression.csproj", "{AD29BA1C-CEA5-4301-BE7A-C46CF2BB8520}"
EndProject
Project("{9A19103F-16F7-4668-BE54-9A1E7A4F7556}") = "MyStackWithArray", "MyStackWithArray\MyStackWithArray.csproj", "{C039E2BE-43FF-47A4-BB47-75171EF31A89}"
EndProject
Project("{9A19103F-16F7-4668-BE54-9A1E7A4F7556}") = "MyAvlTree", "MyAvlTree\MyAvlTree.csproj", "{E702FD71-3F88-431B-8355-7142F8677AC6}"
EndProject
Global
	GlobalSection(SolutionConfigurationPlatforms) = preSolution
		Debug|Any CPU = Debug|Any CPU
		Debug|x64 = Debug|x64
		Debug|x86 = Debug|x86
		Release|Any CPU = Release|Any CPU
		Release|x64 = Release|x64
		Release|x86 = Release|x86
	EndGlobalSection
	GlobalSection(ProjectConfigurationPlatforms) = postSolution
		{0A5524E3-B58A-4632-ADD0-FD56AA61E472}.Debug|Any CPU.ActiveCfg = Debug|Any CPU
		{0A5524E3-B58A-4632-ADD0-FD56AA61E472}.Debug|Any CPU.Build.0 = Debug|Any CPU
		{0A5524E3-B58A-4632-ADD0-FD56AA61E472}.Debug|x64.ActiveCfg = Debug|Any CPU
		{0A5524E3-B58A-4632-ADD0-FD56AA61E472}.Debug|x64.Build.0 = Debug|Any CPU
		{0A5524E3-B58A-4632-ADD0-FD56AA61E472}.Debug|x86.ActiveCfg = Debug|Any CPU
		{0A5524E3-B58A-4632-ADD0-FD56AA61E472}.Debug|x86.Build.0 = Debug|Any CPU
		{0A5524E3-B58A-4632-ADD0-FD56AA61E472}.Release|Any CPU.ActiveCfg = Release|Any CPU
		{0A5524E3-B58A-4632-ADD0-FD56AA61E472}.Release|Any CPU.Build.0 = Release|Any CPU
		{0A5524E3-B58A-4632-ADD0-FD56AA61E472}.Release|x64.ActiveCfg = Release|Any CPU
		{0A5524E3-B58A-4632-ADD0-FD56AA61E472}.Release|x64.Build.0 = Release|Any CPU
		{0A5524E3-B58A-4632-ADD0-FD56AA61E472}.Release|x86.ActiveCfg = Release|Any CPU
		{0A5524E3-B58A-4632-ADD0-FD56AA61E472}.Release|x86.Build.0 = Release|Any CPU
		{21ED2399-3210-4C14-B559-D7B8183FBDF7}.Debug|Any CPU.ActiveCfg = Debug|Any CPU
		{21ED2399-3210-4C14-B559-D7B8183FBDF7}.Debug|Any CPU.Build.0 = Debug|Any CPU
		{21ED2399-3210-4C14-B559-D7B8183FBDF7}.Debug|x64.ActiveCfg = Debug|Any CPU
		{21ED2399-3210-4C14-B559-D7B8183FBDF7}.Debug|x64.Build.0 = Debug|Any CPU
		{21ED2399-3210-4C14-B559-D7B8183FBDF7}.Debug|x86.ActiveCfg = Debug|Any CPU
		{21ED2399-3210-4C14-B559-D7B8183FBDF7}.Debug|x86.Build.0 = Debug|Any CPU
		{21ED2399-3210-4C14-B559-D7B8183FBDF7}.Release|Any CPU.ActiveCfg = Release|Any CPU
		{21ED2399-3210-4C14-B559-D7B8183FBDF7}.Release|Any CPU.Build.0 = Release|Any CPU
		{21ED2399-3210-4C14-B559-D7B8183FBDF7}.Release|x64.ActiveCfg = Release|Any CPU
		{21ED2399-3210-4C14-B559-D7B8183FBDF7}.Release|x64.Build.0 = Release|Any CPU
		{21ED2399-3210-4C14-B559-D7B8183FBDF7}.Release|x86.ActiveCfg = Release|Any CPU
		{21ED2399-3210-4C14-B559-D7B8183FBDF7}.Release|x86.Build.0 = Release|Any CPU
		{E074E855-7DBA-4EDF-9DC5-AA5076C8D6C7}.Debug|Any CPU.ActiveCfg = Debug|Any CPU
		{E074E855-7DBA-4EDF-9DC5-AA5076C8D6C7}.Debug|Any CPU.Build.0 = Debug|Any CPU
		{E074E855-7DBA-4EDF-9DC5-AA5076C8D6C7}.Debug|x64.ActiveCfg = Debug|Any CPU
		{E074E855-7DBA-4EDF-9DC5-AA5076C8D6C7}.Debug|x64.Build.0 = Debug|Any CPU
		{E074E855-7DBA-4EDF-9DC5-AA5076C8D6C7}.Debug|x86.ActiveCfg = Debug|Any CPU
		{E074E855-7DBA-4EDF-9DC5-AA5076C8D6C7}.Debug|x86.Build.0 = Debug|Any CPU
		{E074E855-7DBA-4EDF-9DC5-AA5076C8D6C7}.Release|Any CPU.ActiveCfg = Release|Any CPU
		{E074E855-7DBA-4EDF-9DC5-AA5076C8D6C7}.Release|Any CPU.Build.0 = Release|Any CPU
		{E074E855-7DBA-4EDF-9DC5-AA5076C8D6C7}.Release|x64.ActiveCfg = Release|Any CPU
		{E074E855-7DBA-4EDF-9DC5-AA5076C8D6C7}.Release|x64.Build.0 = Release|Any CPU
		{E074E855-7DBA-4EDF-9DC5-AA5076C8D6C7}.Release|x86.ActiveCfg = Release|Any CPU
		{E074E855-7DBA-4EDF-9DC5-AA5076C8D6C7}.Release|x86.Build.0 = Release|Any CPU
		{D51ECAE2-8F3D-4D7C-9C14-BB9878F1D998}.Debug|Any CPU.ActiveCfg = Debug|Any CPU
		{D51ECAE2-8F3D-4D7C-9C14-BB9878F1D998}.Debug|Any CPU.Build.0 = Debug|Any CPU
		{D51ECAE2-8F3D-4D7C-9C14-BB9878F1D998}.Debug|x64.ActiveCfg = Debug|Any CPU
		{D51ECAE2-8F3D-4D7C-9C14-BB9878F1D998}.Debug|x64.Build.0 = Debug|Any CPU
		{D51ECAE2-8F3D-4D7C-9C14-BB9878F1D998}.Debug|x86.ActiveCfg = Debug|Any CPU
		{D51ECAE2-8F3D-4D7C-9C14-BB9878F1D998}.Debug|x86.Build.0 = Debug|Any CPU
		{D51ECAE2-8F3D-4D7C-9C14-BB9878F1D998}.Release|Any CPU.ActiveCfg = Release|Any CPU
		{D51ECAE2-8F3D-4D7C-9C14-BB9878F1D998}.Release|Any CPU.Build.0 = Release|Any CPU
		{D51ECAE2-8F3D-4D7C-9C14-BB9878F1D998}.Release|x64.ActiveCfg = Release|Any CPU
		{D51ECAE2-8F3D-4D7C-9C14-BB9878F1D998}.Release|x64.Build.0 = Release|Any CPU
		{D51ECAE2-8F3D-4D7C-9C14-BB9878F1D998}.Release|x86.ActiveCfg = Release|Any CPU
		{D51ECAE2-8F3D-4D7C-9C14-BB9878F1D998}.Release|x86.Build.0 = Release|Any CPU
		{F38C8EC7-AF89-4590-A78A-8DAEC28D4412}.Debug|Any CPU.ActiveCfg = Debug|Any CPU
		{F38C8EC7-AF89-4590-A78A-8DAEC28D4412}.Debug|Any CPU.Build.0 = Debug|Any CPU
		{F38C8EC7-AF89-4590-A78A-8DAEC28D4412}.Debug|x64.ActiveCfg = Debug|Any CPU
		{F38C8EC7-AF89-4590-A78A-8DAEC28D4412}.Debug|x64.Build.0 = Debug|Any CPU
		{F38C8EC7-AF89-4590-A78A-8DAEC28D4412}.Debug|x86.ActiveCfg = Debug|Any CPU
		{F38C8EC7-AF89-4590-A78A-8DAEC28D4412}.Debug|x86.Build.0 = Debug|Any CPU
		{F38C8EC7-AF89-4590-A78A-8DAEC28D4412}.Release|Any CPU.ActiveCfg = Release|Any CPU
		{F38C8EC7-AF89-4590-A78A-8DAEC28D4412}.Release|Any CPU.Build.0 = Release|Any CPU
		{F38C8EC7-AF89-4590-A78A-8DAEC28D4412}.Release|x64.ActiveCfg = Release|Any CPU
		{F38C8EC7-AF89-4590-A78A-8DAEC28D4412}.Release|x64.Build.0 = Release|Any CPU
		{F38C8EC7-AF89-4590-A78A-8DAEC28D4412}.Release|x86.ActiveCfg = Release|Any CPU
		{F38C8EC7-AF89-4590-A78A-8DAEC28D4412}.Release|x86.Build.0 = Release|Any CPU
		{E5FC1A65-F722-4EB6-AA0B-35E370330107}.Debug|Any CPU.ActiveCfg = Debug|Any CPU
		{E5FC1A65-F722-4EB6-AA0B-35E370330107}.Debug|Any CPU.Build.0 = Debug|Any CPU
		{E5FC1A65-F722-4EB6-AA0B-35E370330107}.Debug|x64.ActiveCfg = Debug|Any CPU
		{E5FC1A65-F722-4EB6-AA0B-35E370330107}.Debug|x64.Build.0 = Debug|Any CPU
		{E5FC1A65-F722-4EB6-AA0B-35E370330107}.Debug|x86.ActiveCfg = Debug|Any CPU
		{E5FC1A65-F722-4EB6-AA0B-35E370330107}.Debug|x86.Build.0 = Debug|Any CPU
		{E5FC1A65-F722-4EB6-AA0B-35E370330107}.Release|Any CPU.ActiveCfg = Release|Any CPU
		{E5FC1A65-F722-4EB6-AA0B-35E370330107}.Release|Any CPU.Build.0 = Release|Any CPU
		{E5FC1A65-F722-4EB6-AA0B-35E370330107}.Release|x64.ActiveCfg = Release|Any CPU
		{E5FC1A65-F722-4EB6-AA0B-35E370330107}.Release|x64.Build.0 = Release|Any CPU
		{E5FC1A65-F722-4EB6-AA0B-35E370330107}.Release|x86.ActiveCfg = Release|Any CPU
		{E5FC1A65-F722-4EB6-AA0B-35E370330107}.Release|x86.Build.0 = Release|Any CPU
		{88797BF0-AAA0-428D-BAE9-E9033DC53338}.Debug|Any CPU.ActiveCfg = Debug|Any CPU
		{88797BF0-AAA0-428D-BAE9-E9033DC53338}.Debug|Any CPU.Build.0 = Debug|Any CPU
		{88797BF0-AAA0-428D-BAE9-E9033DC53338}.Debug|x64.ActiveCfg = Debug|Any CPU
		{88797BF0-AAA0-428D-BAE9-E9033DC53338}.Debug|x64.Build.0 = Debug|Any CPU
		{88797BF0-AAA0-428D-BAE9-E9033DC53338}.Debug|x86.ActiveCfg = Debug|Any CPU
		{88797BF0-AAA0-428D-BAE9-E9033DC53338}.Debug|x86.Build.0 = Debug|Any CPU
		{88797BF0-AAA0-428D-BAE9-E9033DC53338}.Release|Any CPU.ActiveCfg = Release|Any CPU
		{88797BF0-AAA0-428D-BAE9-E9033DC53338}.Release|Any CPU.Build.0 = Release|Any CPU
		{88797BF0-AAA0-428D-BAE9-E9033DC53338}.Release|x64.ActiveCfg = Release|Any CPU
		{88797BF0-AAA0-428D-BAE9-E9033DC53338}.Release|x64.Build.0 = Release|Any CPU
		{88797BF0-AAA0-428D-BAE9-E9033DC53338}.Release|x86.ActiveCfg = Release|Any CPU
		{88797BF0-AAA0-428D-BAE9-E9033DC53338}.Release|x86.Build.0 = Release|Any CPU
		{1D740350-0E46-4D8B-AE9A-8977E60DCD29}.Debug|Any CPU.ActiveCfg = Debug|Any CPU
		{1D740350-0E46-4D8B-AE9A-8977E60DCD29}.Debug|Any CPU.Build.0 = Debug|Any CPU
		{1D740350-0E46-4D8B-AE9A-8977E60DCD29}.Debug|x64.ActiveCfg = Debug|Any CPU
		{1D740350-0E46-4D8B-AE9A-8977E60DCD29}.Debug|x64.Build.0 = Debug|Any CPU
		{1D740350-0E46-4D8B-AE9A-8977E60DCD29}.Debug|x86.ActiveCfg = Debug|Any CPU
		{1D740350-0E46-4D8B-AE9A-8977E60DCD29}.Debug|x86.Build.0 = Debug|Any CPU
		{1D740350-0E46-4D8B-AE9A-8977E60DCD29}.Release|Any CPU.ActiveCfg = Release|Any CPU
		{1D740350-0E46-4D8B-AE9A-8977E60DCD29}.Release|Any CPU.Build.0 = Release|Any CPU
		{1D740350-0E46-4D8B-AE9A-8977E60DCD29}.Release|x64.ActiveCfg = Release|Any CPU
		{1D740350-0E46-4D8B-AE9A-8977E60DCD29}.Release|x64.Build.0 = Release|Any CPU
		{1D740350-0E46-4D8B-AE9A-8977E60DCD29}.Release|x86.ActiveCfg = Release|Any CPU
		{1D740350-0E46-4D8B-AE9A-8977E60DCD29}.Release|x86.Build.0 = Release|Any CPU
		{AD29BA1C-CEA5-4301-BE7A-C46CF2BB8520}.Debug|Any CPU.ActiveCfg = Debug|Any CPU
		{AD29BA1C-CEA5-4301-BE7A-C46CF2BB8520}.Debug|Any CPU.Build.0 = Debug|Any CPU
		{AD29BA1C-CEA5-4301-BE7A-C46CF2BB8520}.Debug|x64.ActiveCfg = Debug|Any CPU
		{AD29BA1C-CEA5-4301-BE7A-C46CF2BB8520}.Debug|x64.Build.0 = Debug|Any CPU
		{AD29BA1C-CEA5-4301-BE7A-C46CF2BB8520}.Debug|x86.ActiveCfg = Debug|Any CPU
		{AD29BA1C-CEA5-4301-BE7A-C46CF2BB8520}.Debug|x86.Build.0 = Debug|Any CPU
		{AD29BA1C-CEA5-4301-BE7A-C46CF2BB8520}.Release|Any CPU.ActiveCfg = Release|Any CPU
		{AD29BA1C-CEA5-4301-BE7A-C46CF2BB8520}.Release|Any CPU.Build.0 = Release|Any CPU
		{AD29BA1C-CEA5-4301-BE7A-C46CF2BB8520}.Release|x64.ActiveCfg = Release|Any CPU
		{AD29BA1C-CEA5-4301-BE7A-C46CF2BB8520}.Release|x64.Build.0 = Release|Any CPU
		{AD29BA1C-CEA5-4301-BE7A-C46CF2BB8520}.Release|x86.ActiveCfg = Release|Any CPU
		{AD29BA1C-CEA5-4301-BE7A-C46CF2BB8520}.Release|x86.Build.0 = Release|Any CPU
		{C039E2BE-43FF-47A4-BB47-75171EF31A89}.Debug|Any CPU.ActiveCfg = Debug|Any CPU
		{C039E2BE-43FF-47A4-BB47-75171EF31A89}.Debug|Any CPU.Build.0 = Debug|Any CPU
		{C039E2BE-43FF-47A4-BB47-75171EF31A89}.Debug|x64.ActiveCfg = Debug|Any CPU
		{C039E2BE-43FF-47A4-BB47-75171EF31A89}.Debug|x64.Build.0 = Debug|Any CPU
		{C039E2BE-43FF-47A4-BB47-75171EF31A89}.Debug|x86.ActiveCfg = Debug|Any CPU
		{C039E2BE-43FF-47A4-BB47-75171EF31A89}.Debug|x86.Build.0 = Debug|Any CPU
		{C039E2BE-43FF-47A4-BB47-75171EF31A89}.Release|Any CPU.ActiveCfg = Release|Any CPU
		{C039E2BE-43FF-47A4-BB47-75171EF31A89}.Release|Any CPU.Build.0 = Release|Any CPU
		{C039E2BE-43FF-47A4-BB47-75171EF31A89}.Release|x64.ActiveCfg = Release|Any CPU
		{C039E2BE-43FF-47A4-BB47-75171EF31A89}.Release|x64.Build.0 = Release|Any CPU
		{C039E2BE-43FF-47A4-BB47-75171EF31A89}.Release|x86.ActiveCfg = Release|Any CPU
		{C039E2BE-43FF-47A4-BB47-75171EF31A89}.Release|x86.Build.0 = Release|Any CPU
		{E702FD71-3F88-431B-8355-7142F8677AC6}.Debug|Any CPU.ActiveCfg = Debug|Any CPU
		{E702FD71-3F88-431B-8355-7142F8677AC6}.Debug|Any CPU.Build.0 = Debug|Any CPU
		{E702FD71-3F88-431B-8355-7142F8677AC6}.Debug|x64.ActiveCfg = Debug|Any CPU
		{E702FD71-3F88-431B-8355-7142F8677AC6}.Debug|x64.Build.0 = Debug|Any CPU
		{E702FD71-3F88-431B-8355-7142F8677AC6}.Debug|x86.ActiveCfg = Debug|Any CPU
		{E702FD71-3F88-431B-8355-7142F8677AC6}.Debug|x86.Build.0 = Debug|Any CPU
		{E702FD71-3F88-431B-8355-7142F8677AC6}.Release|Any CPU.ActiveCfg = Release|Any CPU
		{E702FD71-3F88-431B-8355-7142F8677AC6}.Release|Any CPU.Build.0 = Release|Any CPU
		{E702FD71-3F88-431B-8355-7142F8677AC6}.Release|x64.ActiveCfg = Release|Any CPU
		{E702FD71-3F88-431B-8355-7142F8677AC6}.Release|x64.Build.0 = Release|Any CPU
		{E702FD71-3F88-431B-8355-7142F8677AC6}.Release|x86.ActiveCfg = Release|Any CPU
		{E702FD71-3F88-431B-8355-7142F8677AC6}.Release|x86.Build.0 = Release|Any CPU
	EndGlobalSection
	GlobalSection(SolutionProperties) = preSolution
		HideSolutionNode = FALSE
	EndGlobalSection
	GlobalSection(ExtensibilityGlobals) = postSolution
		SolutionGuid = {3B252431-3775-4087-9321-97CEB2166381}
	EndGlobalSection
EndGlobal
